{
  "requires": true,
  "lockfileVersion": 1,
  "dependencies": {
    "react-geocode": {
      "version": "0.1.2",
      "resolved": "https://registry.npmjs.org/react-geocode/-/react-geocode-0.1.2.tgz",
      "integrity": "sha512-XEJkEPmwufeGykul/eqJyA1WduXa3IGxJam5BA0jzYfs/KMjCrtQjJl1FcH9Cybn05oQnRVUsRW8OGwEmTER5g=="
    }
  }
}
